// !$*UTF8*$!
{
	archiveVersion = 1;
	classes = {
	};
	objectVersion = 56;
	objects = {

/* Begin PBXBuildFile section */
		B8085F8728E61B10002E6AAE /* SongDetailView.swift in Sources */ = {isa = PBXBuildFile; fileRef = B8085F8628E61B10002E6AAE /* SongDetailView.swift */; };
		B8085F8928E62203002E6AAE /* AlbumForSongViewModel.swift in Sources */ = {isa = PBXBuildFile; fileRef = B8085F8828E62203002E6AAE /* AlbumForSongViewModel.swift */; };
		B80886932943663900A27198 /* LikeView.swift in Sources */ = {isa = PBXBuildFile; fileRef = B80886922943663900A27198 /* LikeView.swift */; };
		B85970B128F6E67800EBA961 /* NavigationBar.swift in Sources */ = {isa = PBXBuildFile; fileRef = B85970B028F6E67800EBA961 /* NavigationBar.swift */; };
		B85970DB28FECF4900EBA961 /* Launch Screen.storyboard in Resources */ = {isa = PBXBuildFile; fileRef = B85970DA28FECF4900EBA961 /* Launch Screen.storyboard */; };
		B873FB1928F44AB800D2F38D /* SearchBarView.swift in Sources */ = {isa = PBXBuildFile; fileRef = B873FB1828F44AB800D2F38D /* SearchBarView.swift */; };
		B873FB1C28F474B900D2F38D /* CasePicker.swift in Sources */ = {isa = PBXBuildFile; fileRef = B873FB1B28F474B900D2F38D /* CasePicker.swift */; };
		B8ABF27B28E4EEEB004312F8 /* Color+Extensions.swift in Sources */ = {isa = PBXBuildFile; fileRef = B8ABF27A28E4EEEB004312F8 /* Color+Extensions.swift */; };
		B8ABF27D28E4FF19004312F8 /* TrendsListViewModel.swift in Sources */ = {isa = PBXBuildFile; fileRef = B8ABF27C28E4FF19004312F8 /* TrendsListViewModel.swift */; };
		B8ABF27F28E500C4004312F8 /* Trend.swift in Sources */ = {isa = PBXBuildFile; fileRef = B8ABF27E28E500C4004312F8 /* Trend.swift */; };
		B8ABF28328E504DF004312F8 /* TrendsView.swift in Sources */ = {isa = PBXBuildFile; fileRef = B8ABF28228E504DF004312F8 /* TrendsView.swift */; };
		B8B606DA28DBB7330082CA76 /* SongRowView.swift in Sources */ = {isa = PBXBuildFile; fileRef = B8B606D928DBB7330082CA76 /* SongRowView.swift */; };
		B8B606DD28DBC2CC0082CA76 /* BuyButtonStyle.swift in Sources */ = {isa = PBXBuildFile; fileRef = B8B606DC28DBC2CC0082CA76 /* BuyButtonStyle.swift */; };
		B8B606DF28DC507B0082CA76 /* AlbumRowView.swift in Sources */ = {isa = PBXBuildFile; fileRef = B8B606DE28DC507B0082CA76 /* AlbumRowView.swift */; };
		B8B606E228DC54E70082CA76 /* ImageLoadingView.swift in Sources */ = {isa = PBXBuildFile; fileRef = B8B606E128DC54E60082CA76 /* ImageLoadingView.swift */; };
		B8B606E428DC56300082CA76 /* BuyButton.swift in Sources */ = {isa = PBXBuildFile; fileRef = B8B606E328DC56300082CA76 /* BuyButton.swift */; };
		B8B96CAE28DCED7700700609 /* AlbumItemsListViewModel.swift in Sources */ = {isa = PBXBuildFile; fileRef = B8B96CAD28DCED7700700609 /* AlbumItemsListViewModel.swift */; };
		B8B96CBA28DDEEA800700609 /* AlbumItemsListView.swift in Sources */ = {isa = PBXBuildFile; fileRef = B8B96CB928DDEEA800700609 /* AlbumItemsListView.swift */; };
		B8BF857728DA40A70075D2F7 /* iTunesAppApp.swift in Sources */ = {isa = PBXBuildFile; fileRef = B8BF857628DA40A70075D2F7 /* iTunesAppApp.swift */; };
		B8BF857928DA40A70075D2F7 /* ContentView.swift in Sources */ = {isa = PBXBuildFile; fileRef = B8BF857828DA40A70075D2F7 /* ContentView.swift */; };
		B8BF857B28DA40A90075D2F7 /* Assets.xcassets in Resources */ = {isa = PBXBuildFile; fileRef = B8BF857A28DA40A90075D2F7 /* Assets.xcassets */; };
		B8BF857E28DA40A90075D2F7 /* Preview Assets.xcassets in Resources */ = {isa = PBXBuildFile; fileRef = B8BF857D28DA40A90075D2F7 /* Preview Assets.xcassets */; };
		B8BF858C28DA40C50075D2F7 /* Movie.swift in Sources */ = {isa = PBXBuildFile; fileRef = B8BF858528DA40C50075D2F7 /* Movie.swift */; };
		B8BF858D28DA40C50075D2F7 /* Song.swift in Sources */ = {isa = PBXBuildFile; fileRef = B8BF858628DA40C50075D2F7 /* Song.swift */; };
		B8BF858E28DA40C50075D2F7 /* Album.swift in Sources */ = {isa = PBXBuildFile; fileRef = B8BF858728DA40C50075D2F7 /* Album.swift */; };
		B8BF858F28DA40C50075D2F7 /* AlbumListViewModel.swift in Sources */ = {isa = PBXBuildFile; fileRef = B8BF858928DA40C50075D2F7 /* AlbumListViewModel.swift */; };
		B8BF859028DA40C50075D2F7 /* AlbumListView.swift in Sources */ = {isa = PBXBuildFile; fileRef = B8BF858B28DA40C50075D2F7 /* AlbumListView.swift */; };
		B8BF859428DB1C6E0075D2F7 /* APIError.swift in Sources */ = {isa = PBXBuildFile; fileRef = B8BF859328DB1C6E0075D2F7 /* APIError.swift */; };
		B8BF859628DB35980075D2F7 /* APIService.swift in Sources */ = {isa = PBXBuildFile; fileRef = B8BF859528DB35980075D2F7 /* APIService.swift */; };
		B8BF859828DB4B7A0075D2F7 /* SongListViewModel.swift in Sources */ = {isa = PBXBuildFile; fileRef = B8BF859728DB4B7A0075D2F7 /* SongListViewModel.swift */; };
		B8BF859A28DB4BDA0075D2F7 /* FetchState.swift in Sources */ = {isa = PBXBuildFile; fileRef = B8BF859928DB4BDA0075D2F7 /* FetchState.swift */; };
		B8BF859C28DB4D730075D2F7 /* MovieListViewModel.swift in Sources */ = {isa = PBXBuildFile; fileRef = B8BF859B28DB4D730075D2F7 /* MovieListViewModel.swift */; };
		B8BF859F28DB4E5C0075D2F7 /* MovieListView.swift in Sources */ = {isa = PBXBuildFile; fileRef = B8BF859E28DB4E5C0075D2F7 /* MovieListView.swift */; };
		B8BF85A128DB53890075D2F7 /* EntityType.swift in Sources */ = {isa = PBXBuildFile; fileRef = B8BF85A028DB53890075D2F7 /* EntityType.swift */; };
		B8BF85A428DB54140075D2F7 /* SearchView.swift in Sources */ = {isa = PBXBuildFile; fileRef = B8BF85A328DB54140075D2F7 /* SearchView.swift */; };
		B8BF85A628DB57DC0075D2F7 /* SearchAllListView.swift in Sources */ = {isa = PBXBuildFile; fileRef = B8BF85A528DB57DC0075D2F7 /* SearchAllListView.swift */; };
		B8BF85AD28DB7C950075D2F7 /* SongListView.swift in Sources */ = {isa = PBXBuildFile; fileRef = B8BF85AC28DB7C950075D2F7 /* SongListView.swift */; };
		B8E52A0A28DC5B180010355A /* MovieRowView.swift in Sources */ = {isa = PBXBuildFile; fileRef = B8E52A0928DC5B180010355A /* MovieRowView.swift */; };
		B8E52A0C28DC5F4C0010355A /* MovieSectionView.swift in Sources */ = {isa = PBXBuildFile; fileRef = B8E52A0B28DC5F4C0010355A /* MovieSectionView.swift */; };
		B8E52A0E28DC610B0010355A /* SongSectionView.swift in Sources */ = {isa = PBXBuildFile; fileRef = B8E52A0D28DC610B0010355A /* SongSectionView.swift */; };
		B8E52A1028DC61C10010355A /* AlbumSectionView.swift in Sources */ = {isa = PBXBuildFile; fileRef = B8E52A0F28DC61C10010355A /* AlbumSectionView.swift */; };
		B8E52A1228DC952E0010355A /* AlbumDetailView.swift in Sources */ = {isa = PBXBuildFile; fileRef = B8E52A1128DC952E0010355A /* AlbumDetailView.swift */; };
/* End PBXBuildFile section */

/* Begin PBXFileReference section */
		B8085F8628E61B10002E6AAE /* SongDetailView.swift */ = {isa = PBXFileReference; lastKnownFileType = sourcecode.swift; path = SongDetailView.swift; sourceTree = "<group>"; };
		B8085F8828E62203002E6AAE /* AlbumForSongViewModel.swift */ = {isa = PBXFileReference; lastKnownFileType = sourcecode.swift; path = AlbumForSongViewModel.swift; sourceTree = "<group>"; };
		B80886922943663900A27198 /* LikeView.swift */ = {isa = PBXFileReference; lastKnownFileType = sourcecode.swift; path = LikeView.swift; sourceTree = "<group>"; };
		B85970B028F6E67800EBA961 /* NavigationBar.swift */ = {isa = PBXFileReference; lastKnownFileType = sourcecode.swift; path = NavigationBar.swift; sourceTree = "<group>"; };
		B85970DA28FECF4900EBA961 /* Launch Screen.storyboard */ = {isa = PBXFileReference; lastKnownFileType = file.storyboard; path = "Launch Screen.storyboard"; sourceTree = "<group>"; };
		B873FB1828F44AB800D2F38D /* SearchBarView.swift */ = {isa = PBXFileReference; lastKnownFileType = sourcecode.swift; path = SearchBarView.swift; sourceTree = "<group>"; };
		B873FB1B28F474B900D2F38D /* CasePicker.swift */ = {isa = PBXFileReference; lastKnownFileType = sourcecode.swift; path = CasePicker.swift; sourceTree = "<group>"; };
		B8ABF27A28E4EEEB004312F8 /* Color+Extensions.swift */ = {isa = PBXFileReference; lastKnownFileType = sourcecode.swift; path = "Color+Extensions.swift"; sourceTree = "<group>"; };
		B8ABF27C28E4FF19004312F8 /* TrendsListViewModel.swift */ = {isa = PBXFileReference; lastKnownFileType = sourcecode.swift; path = TrendsListViewModel.swift; sourceTree = "<group>"; };
		B8ABF27E28E500C4004312F8 /* Trend.swift */ = {isa = PBXFileReference; lastKnownFileType = sourcecode.swift; path = Trend.swift; sourceTree = "<group>"; };
		B8ABF28228E504DF004312F8 /* TrendsView.swift */ = {isa = PBXFileReference; lastKnownFileType = sourcecode.swift; path = TrendsView.swift; sourceTree = "<group>"; };
		B8B606D928DBB7330082CA76 /* SongRowView.swift */ = {isa = PBXFileReference; lastKnownFileType = sourcecode.swift; path = SongRowView.swift; sourceTree = "<group>"; };
		B8B606DC28DBC2CC0082CA76 /* BuyButtonStyle.swift */ = {isa = PBXFileReference; lastKnownFileType = sourcecode.swift; path = BuyButtonStyle.swift; sourceTree = "<group>"; };
		B8B606DE28DC507B0082CA76 /* AlbumRowView.swift */ = {isa = PBXFileReference; lastKnownFileType = sourcecode.swift; path = AlbumRowView.swift; sourceTree = "<group>"; };
		B8B606E128DC54E60082CA76 /* ImageLoadingView.swift */ = {isa = PBXFileReference; lastKnownFileType = sourcecode.swift; path = ImageLoadingView.swift; sourceTree = "<group>"; };
		B8B606E328DC56300082CA76 /* BuyButton.swift */ = {isa = PBXFileReference; lastKnownFileType = sourcecode.swift; path = BuyButton.swift; sourceTree = "<group>"; };
		B8B96CAD28DCED7700700609 /* AlbumItemsListViewModel.swift */ = {isa = PBXFileReference; lastKnownFileType = sourcecode.swift; path = AlbumItemsListViewModel.swift; sourceTree = "<group>"; };
		B8B96CB928DDEEA800700609 /* AlbumItemsListView.swift */ = {isa = PBXFileReference; lastKnownFileType = sourcecode.swift; path = AlbumItemsListView.swift; sourceTree = "<group>"; };
		B8BF857328DA40A70075D2F7 /* iTunesApp.app */ = {isa = PBXFileReference; explicitFileType = wrapper.application; includeInIndex = 0; path = iTunesApp.app; sourceTree = BUILT_PRODUCTS_DIR; };
		B8BF857628DA40A70075D2F7 /* iTunesAppApp.swift */ = {isa = PBXFileReference; lastKnownFileType = sourcecode.swift; path = iTunesAppApp.swift; sourceTree = "<group>"; };
		B8BF857828DA40A70075D2F7 /* ContentView.swift */ = {isa = PBXFileReference; lastKnownFileType = sourcecode.swift; path = ContentView.swift; sourceTree = "<group>"; };
		B8BF857A28DA40A90075D2F7 /* Assets.xcassets */ = {isa = PBXFileReference; lastKnownFileType = folder.assetcatalog; path = Assets.xcassets; sourceTree = "<group>"; };
		B8BF857D28DA40A90075D2F7 /* Preview Assets.xcassets */ = {isa = PBXFileReference; lastKnownFileType = folder.assetcatalog; path = "Preview Assets.xcassets"; sourceTree = "<group>"; };
		B8BF858528DA40C50075D2F7 /* Movie.swift */ = {isa = PBXFileReference; fileEncoding = 4; lastKnownFileType = sourcecode.swift; path = Movie.swift; sourceTree = "<group>"; };
		B8BF858628DA40C50075D2F7 /* Song.swift */ = {isa = PBXFileReference; fileEncoding = 4; lastKnownFileType = sourcecode.swift; path = Song.swift; sourceTree = "<group>"; };
		B8BF858728DA40C50075D2F7 /* Album.swift */ = {isa = PBXFileReference; fileEncoding = 4; lastKnownFileType = sourcecode.swift; path = Album.swift; sourceTree = "<group>"; };
		B8BF858928DA40C50075D2F7 /* AlbumListViewModel.swift */ = {isa = PBXFileReference; fileEncoding = 4; lastKnownFileType = sourcecode.swift; path = AlbumListViewModel.swift; sourceTree = "<group>"; };
		B8BF858B28DA40C50075D2F7 /* AlbumListView.swift */ = {isa = PBXFileReference; fileEncoding = 4; lastKnownFileType = sourcecode.swift; path = AlbumListView.swift; sourceTree = "<group>"; };
		B8BF859328DB1C6E0075D2F7 /* APIError.swift */ = {isa = PBXFileReference; lastKnownFileType = sourcecode.swift; path = APIError.swift; sourceTree = "<group>"; };
		B8BF859528DB35980075D2F7 /* APIService.swift */ = {isa = PBXFileReference; lastKnownFileType = sourcecode.swift; path = APIService.swift; sourceTree = "<group>"; };
		B8BF859728DB4B7A0075D2F7 /* SongListViewModel.swift */ = {isa = PBXFileReference; lastKnownFileType = sourcecode.swift; path = SongListViewModel.swift; sourceTree = "<group>"; };
		B8BF859928DB4BDA0075D2F7 /* FetchState.swift */ = {isa = PBXFileReference; lastKnownFileType = sourcecode.swift; path = FetchState.swift; sourceTree = "<group>"; };
		B8BF859B28DB4D730075D2F7 /* MovieListViewModel.swift */ = {isa = PBXFileReference; lastKnownFileType = sourcecode.swift; path = MovieListViewModel.swift; sourceTree = "<group>"; };
		B8BF859E28DB4E5C0075D2F7 /* MovieListView.swift */ = {isa = PBXFileReference; lastKnownFileType = sourcecode.swift; path = MovieListView.swift; sourceTree = "<group>"; };
		B8BF85A028DB53890075D2F7 /* EntityType.swift */ = {isa = PBXFileReference; lastKnownFileType = sourcecode.swift; path = EntityType.swift; sourceTree = "<group>"; };
		B8BF85A328DB54140075D2F7 /* SearchView.swift */ = {isa = PBXFileReference; lastKnownFileType = sourcecode.swift; path = SearchView.swift; sourceTree = "<group>"; };
		B8BF85A528DB57DC0075D2F7 /* SearchAllListView.swift */ = {isa = PBXFileReference; lastKnownFileType = sourcecode.swift; path = SearchAllListView.swift; sourceTree = "<group>"; };
		B8BF85AC28DB7C950075D2F7 /* SongListView.swift */ = {isa = PBXFileReference; lastKnownFileType = sourcecode.swift; path = SongListView.swift; sourceTree = "<group>"; };
		B8E52A0928DC5B180010355A /* MovieRowView.swift */ = {isa = PBXFileReference; lastKnownFileType = sourcecode.swift; path = MovieRowView.swift; sourceTree = "<group>"; };
		B8E52A0B28DC5F4C0010355A /* MovieSectionView.swift */ = {isa = PBXFileReference; lastKnownFileType = sourcecode.swift; path = MovieSectionView.swift; sourceTree = "<group>"; };
		B8E52A0D28DC610B0010355A /* SongSectionView.swift */ = {isa = PBXFileReference; lastKnownFileType = sourcecode.swift; path = SongSectionView.swift; sourceTree = "<group>"; };
		B8E52A0F28DC61C10010355A /* AlbumSectionView.swift */ = {isa = PBXFileReference; lastKnownFileType = sourcecode.swift; path = AlbumSectionView.swift; sourceTree = "<group>"; };
		B8E52A1128DC952E0010355A /* AlbumDetailView.swift */ = {isa = PBXFileReference; lastKnownFileType = sourcecode.swift; path = AlbumDetailView.swift; sourceTree = "<group>"; };
/* End PBXFileReference section */

/* Begin PBXFrameworksBuildPhase section */
		B8BF857028DA40A70075D2F7 /* Frameworks */ = {
			isa = PBXFrameworksBuildPhase;
			buildActionMask = 2147483647;
			files = (
			);
			runOnlyForDeploymentPostprocessing = 0;
		};
/* End PBXFrameworksBuildPhase section */

/* Begin PBXGroup section */
		B873FB1A28F4746300D2F38D /* Components */ = {
			isa = PBXGroup;
			children = (
				B873FB1B28F474B900D2F38D /* CasePicker.swift */,
				B85970B028F6E67800EBA961 /* NavigationBar.swift */,
			);
			path = Components;
			sourceTree = "<group>";
		};
		B8ABF27928E4EED5004312F8 /* Extentions */ = {
			isa = PBXGroup;
			children = (
				B8ABF27A28E4EEEB004312F8 /* Color+Extensions.swift */,
			);
			path = Extentions;
			sourceTree = "<group>";
		};
		B8ABF28028E504B4004312F8 /* Trends */ = {
			isa = PBXGroup;
			children = (
				B8ABF28228E504DF004312F8 /* TrendsView.swift */,
			);
			path = Trends;
			sourceTree = "<group>";
		};
		B8B606DB28DBC2B10082CA76 /* Styling */ = {
			isa = PBXGroup;
			children = (
				B8B606DC28DBC2CC0082CA76 /* BuyButtonStyle.swift */,
			);
			path = Styling;
			sourceTree = "<group>";
		};
		B8B606E028DC54BD0082CA76 /* Helper */ = {
			isa = PBXGroup;
			children = (
				B8B606E128DC54E60082CA76 /* ImageLoadingView.swift */,
				B8B606E328DC56300082CA76 /* BuyButton.swift */,
			);
			path = Helper;
			sourceTree = "<group>";
		};
		B8BF856A28DA40A70075D2F7 = {
			isa = PBXGroup;
			children = (
				B8BF857528DA40A70075D2F7 /* iTunesApp */,
				B8BF857428DA40A70075D2F7 /* Products */,
			);
			sourceTree = "<group>";
		};
		B8BF857428DA40A70075D2F7 /* Products */ = {
			isa = PBXGroup;
			children = (
				B8BF857328DA40A70075D2F7 /* iTunesApp.app */,
			);
			name = Products;
			sourceTree = "<group>";
		};
		B8BF857528DA40A70075D2F7 /* iTunesApp */ = {
			isa = PBXGroup;
			children = (
				B8BF857628DA40A70075D2F7 /* iTunesAppApp.swift */,
				B80886922943663900A27198 /* LikeView.swift */,
				B8BF857828DA40A70075D2F7 /* ContentView.swift */,
				B8BF858428DA40C50075D2F7 /* Models */,
				B8BF858A28DA40C50075D2F7 /* Views */,
				B8BF858828DA40C50075D2F7 /* ViewModels */,
				B8B606E028DC54BD0082CA76 /* Helper */,
				B8BF859D28DB4E200075D2F7 /* Services */,
				B8B606DB28DBC2B10082CA76 /* Styling */,
				B8ABF27928E4EED5004312F8 /* Extentions */,
				B8BF857A28DA40A90075D2F7 /* Assets.xcassets */,
				B8BF857C28DA40A90075D2F7 /* Preview Content */,
				B85970DA28FECF4900EBA961 /* Launch Screen.storyboard */,
			);
			path = iTunesApp;
			sourceTree = "<group>";
		};
		B8BF857C28DA40A90075D2F7 /* Preview Content */ = {
			isa = PBXGroup;
			children = (
				B8BF857D28DA40A90075D2F7 /* Preview Assets.xcassets */,
			);
			path = "Preview Content";
			sourceTree = "<group>";
		};
		B8BF858428DA40C50075D2F7 /* Models */ = {
			isa = PBXGroup;
			children = (
				B8BF858528DA40C50075D2F7 /* Movie.swift */,
				B8BF858628DA40C50075D2F7 /* Song.swift */,
				B8BF858728DA40C50075D2F7 /* Album.swift */,
				B8ABF27E28E500C4004312F8 /* Trend.swift */,
				B8BF859328DB1C6E0075D2F7 /* APIError.swift */,
				B8BF859928DB4BDA0075D2F7 /* FetchState.swift */,
				B8BF85A028DB53890075D2F7 /* EntityType.swift */,
			);
			path = Models;
			sourceTree = "<group>";
		};
		B8BF858828DA40C50075D2F7 /* ViewModels */ = {
			isa = PBXGroup;
			children = (
				B8BF858928DA40C50075D2F7 /* AlbumListViewModel.swift */,
				B8BF859728DB4B7A0075D2F7 /* SongListViewModel.swift */,
				B8BF859B28DB4D730075D2F7 /* MovieListViewModel.swift */,
				B8B96CAD28DCED7700700609 /* AlbumItemsListViewModel.swift */,
				B8ABF27C28E4FF19004312F8 /* TrendsListViewModel.swift */,
				B8085F8828E62203002E6AAE /* AlbumForSongViewModel.swift */,
			);
			path = ViewModels;
			sourceTree = "<group>";
		};
		B8BF858A28DA40C50075D2F7 /* Views */ = {
			isa = PBXGroup;
			children = (
				B8BF85A228DB53FE0075D2F7 /* Search */,
				B8ABF28028E504B4004312F8 /* Trends */,
				B8BF85AB28DB7C690075D2F7 /* Song */,
				B8BF85A728DB5B0E0075D2F7 /* Album */,
				B8BF85A828DB5B270075D2F7 /* Movie */,
				B873FB1A28F4746300D2F38D /* Components */,
			);
			path = Views;
			sourceTree = "<group>";
		};
		B8BF859D28DB4E200075D2F7 /* Services */ = {
			isa = PBXGroup;
			children = (
				B8BF859528DB35980075D2F7 /* APIService.swift */,
			);
			path = Services;
			sourceTree = "<group>";
		};
		B8BF85A228DB53FE0075D2F7 /* Search */ = {
			isa = PBXGroup;
			children = (
				B8BF85A328DB54140075D2F7 /* SearchView.swift */,
				B873FB1828F44AB800D2F38D /* SearchBarView.swift */,
				B8BF85A528DB57DC0075D2F7 /* SearchAllListView.swift */,
			);
			path = Search;
			sourceTree = "<group>";
		};
		B8BF85A728DB5B0E0075D2F7 /* Album */ = {
			isa = PBXGroup;
			children = (
				B8BF858B28DA40C50075D2F7 /* AlbumListView.swift */,
				B8B606DE28DC507B0082CA76 /* AlbumRowView.swift */,
				B8E52A0F28DC61C10010355A /* AlbumSectionView.swift */,
				B8E52A1128DC952E0010355A /* AlbumDetailView.swift */,
				B8B96CB928DDEEA800700609 /* AlbumItemsListView.swift */,
			);
			path = Album;
			sourceTree = "<group>";
		};
		B8BF85A828DB5B270075D2F7 /* Movie */ = {
			isa = PBXGroup;
			children = (
				B8BF859E28DB4E5C0075D2F7 /* MovieListView.swift */,
				B8E52A0928DC5B180010355A /* MovieRowView.swift */,
				B8E52A0B28DC5F4C0010355A /* MovieSectionView.swift */,
			);
			path = Movie;
			sourceTree = "<group>";
		};
		B8BF85AB28DB7C690075D2F7 /* Song */ = {
			isa = PBXGroup;
			children = (
				B8BF85AC28DB7C950075D2F7 /* SongListView.swift */,
				B8B606D928DBB7330082CA76 /* SongRowView.swift */,
				B8E52A0D28DC610B0010355A /* SongSectionView.swift */,
				B8085F8628E61B10002E6AAE /* SongDetailView.swift */,
			);
			path = Song;
			sourceTree = "<group>";
		};
/* End PBXGroup section */

/* Begin PBXNativeTarget section */
		B8BF857228DA40A70075D2F7 /* iTunesApp */ = {
			isa = PBXNativeTarget;
			buildConfigurationList = B8BF858128DA40A90075D2F7 /* Build configuration list for PBXNativeTarget "iTunesApp" */;
			buildPhases = (
				B8BF856F28DA40A70075D2F7 /* Sources */,
				B8BF857028DA40A70075D2F7 /* Frameworks */,
				B8BF857128DA40A70075D2F7 /* Resources */,
			);
			buildRules = (
			);
			dependencies = (
			);
			name = iTunesApp;
			productName = iTunesApp;
			productReference = B8BF857328DA40A70075D2F7 /* iTunesApp.app */;
			productType = "com.apple.product-type.application";
		};
/* End PBXNativeTarget section */

/* Begin PBXProject section */
		B8BF856B28DA40A70075D2F7 /* Project object */ = {
			isa = PBXProject;
			attributes = {
				BuildIndependentTargetsInParallel = 1;
				LastSwiftUpdateCheck = 1400;
				LastUpgradeCheck = 1400;
				TargetAttributes = {
					B8BF857228DA40A70075D2F7 = {
						CreatedOnToolsVersion = 14.0;
					};
				};
			};
			buildConfigurationList = B8BF856E28DA40A70075D2F7 /* Build configuration list for PBXProject "iTunesApp" */;
			compatibilityVersion = "Xcode 14.0";
			developmentRegion = en;
			hasScannedForEncodings = 0;
			knownRegions = (
				en,
				Base,
			);
			mainGroup = B8BF856A28DA40A70075D2F7;
			productRefGroup = B8BF857428DA40A70075D2F7 /* Products */;
			projectDirPath = "";
			projectRoot = "";
			targets = (
				B8BF857228DA40A70075D2F7 /* iTunesApp */,
			);
		};
/* End PBXProject section */

/* Begin PBXResourcesBuildPhase section */
		B8BF857128DA40A70075D2F7 /* Resources */ = {
			isa = PBXResourcesBuildPhase;
			buildActionMask = 2147483647;
			files = (
				B85970DB28FECF4900EBA961 /* Launch Screen.storyboard in Resources */,
				B8BF857E28DA40A90075D2F7 /* Preview Assets.xcassets in Resources */,
				B8BF857B28DA40A90075D2F7 /* Assets.xcassets in Resources */,
			);
			runOnlyForDeploymentPostprocessing = 0;
		};
/* End PBXResourcesBuildPhase section */

/* Begin PBXSourcesBuildPhase section */
		B8BF856F28DA40A70075D2F7 /* Sources */ = {
			isa = PBXSourcesBuildPhase;
			buildActionMask = 2147483647;
			files = (
				B8BF858D28DA40C50075D2F7 /* Song.swift in Sources */,
				B8BF859F28DB4E5C0075D2F7 /* MovieListView.swift in Sources */,
				B8E52A1028DC61C10010355A /* AlbumSectionView.swift in Sources */,
				B8BF857928DA40A70075D2F7 /* ContentView.swift in Sources */,
				B8085F8728E61B10002E6AAE /* SongDetailView.swift in Sources */,
				B8BF859A28DB4BDA0075D2F7 /* FetchState.swift in Sources */,
				B8ABF27D28E4FF19004312F8 /* TrendsListViewModel.swift in Sources */,
				B8BF859828DB4B7A0075D2F7 /* SongListViewModel.swift in Sources */,
				B8BF858F28DA40C50075D2F7 /* AlbumListViewModel.swift in Sources */,
				B8B606DF28DC507B0082CA76 /* AlbumRowView.swift in Sources */,
				B8ABF28328E504DF004312F8 /* TrendsView.swift in Sources */,
				B873FB1928F44AB800D2F38D /* SearchBarView.swift in Sources */,
				B8E52A0E28DC610B0010355A /* SongSectionView.swift in Sources */,
				B8BF859C28DB4D730075D2F7 /* MovieListViewModel.swift in Sources */,
				B8BF857728DA40A70075D2F7 /* iTunesAppApp.swift in Sources */,
				B8085F8928E62203002E6AAE /* AlbumForSongViewModel.swift in Sources */,
				B8B96CBA28DDEEA800700609 /* AlbumItemsListView.swift in Sources */,
				B8BF85AD28DB7C950075D2F7 /* SongListView.swift in Sources */,
				B8BF85A628DB57DC0075D2F7 /* SearchAllListView.swift in Sources */,
				B8B606DD28DBC2CC0082CA76 /* BuyButtonStyle.swift in Sources */,
				B8ABF27B28E4EEEB004312F8 /* Color+Extensions.swift in Sources */,
				B8BF858C28DA40C50075D2F7 /* Movie.swift in Sources */,
				B8BF85A128DB53890075D2F7 /* EntityType.swift in Sources */,
				B8B606DA28DBB7330082CA76 /* SongRowView.swift in Sources */,
				B873FB1C28F474B900D2F38D /* CasePicker.swift in Sources */,
				B8B96CAE28DCED7700700609 /* AlbumItemsListViewModel.swift in Sources */,
				B8E52A0C28DC5F4C0010355A /* MovieSectionView.swift in Sources */,
				B80886932943663900A27198 /* LikeView.swift in Sources */,
				B8BF859628DB35980075D2F7 /* APIService.swift in Sources */,
				B8BF85A428DB54140075D2F7 /* SearchView.swift in Sources */,
				B8BF858E28DA40C50075D2F7 /* Album.swift in Sources */,
				B8BF859028DA40C50075D2F7 /* AlbumListView.swift in Sources */,
				B8E52A0A28DC5B180010355A /* MovieRowView.swift in Sources */,
				B8BF859428DB1C6E0075D2F7 /* APIError.swift in Sources */,
				B85970B128F6E67800EBA961 /* NavigationBar.swift in Sources */,
				B8B606E428DC56300082CA76 /* BuyButton.swift in Sources */,
				B8ABF27F28E500C4004312F8 /* Trend.swift in Sources */,
				B8E52A1228DC952E0010355A /* AlbumDetailView.swift in Sources */,
				B8B606E228DC54E70082CA76 /* ImageLoadingView.swift in Sources */,
			);
			runOnlyForDeploymentPostprocessing = 0;
		};
/* End PBXSourcesBuildPhase section */

/* Begin XCBuildConfiguration section */
		B8BF857F28DA40A90075D2F7 /* Debug */ = {
			isa = XCBuildConfiguration;
			buildSettings = {
				ALWAYS_SEARCH_USER_PATHS = NO;
				CLANG_ANALYZER_NONNULL = YES;
				CLANG_ANALYZER_NUMBER_OBJECT_CONVERSION = YES_AGGRESSIVE;
				CLANG_CXX_LANGUAGE_STANDARD = "gnu++20";
				CLANG_ENABLE_MODULES = YES;
				CLANG_ENABLE_OBJC_ARC = YES;
				CLANG_ENABLE_OBJC_WEAK = YES;
				CLANG_WARN_BLOCK_CAPTURE_AUTORELEASING = YES;
				CLANG_WARN_BOOL_CONVERSION = YES;
				CLANG_WARN_COMMA = YES;
				CLANG_WARN_CONSTANT_CONVERSION = YES;
				CLANG_WARN_DEPRECATED_OBJC_IMPLEMENTATIONS = YES;
				CLANG_WARN_DIRECT_OBJC_ISA_USAGE = YES_ERROR;
				CLANG_WARN_DOCUMENTATION_COMMENTS = YES;
				CLANG_WARN_EMPTY_BODY = YES;
				CLANG_WARN_ENUM_CONVERSION = YES;
				CLANG_WARN_INFINITE_RECURSION = YES;
				CLANG_WARN_INT_CONVERSION = YES;
				CLANG_WARN_NON_LITERAL_NULL_CONVERSION = YES;
				CLANG_WARN_OBJC_IMPLICIT_RETAIN_SELF = YES;
				CLANG_WARN_OBJC_LITERAL_CONVERSION = YES;
				CLANG_WARN_OBJC_ROOT_CLASS = YES_ERROR;
				CLANG_WARN_QUOTED_INCLUDE_IN_FRAMEWORK_HEADER = YES;
				CLANG_WARN_RANGE_LOOP_ANALYSIS = YES;
				CLANG_WARN_STRICT_PROTOTYPES = YES;
				CLANG_WARN_SUSPICIOUS_MOVE = YES;
				CLANG_WARN_UNGUARDED_AVAILABILITY = YES_AGGRESSIVE;
				CLANG_WARN_UNREACHABLE_CODE = YES;
				CLANG_WARN__DUPLICATE_METHOD_MATCH = YES;
				COPY_PHASE_STRIP = NO;
				DEBUG_INFORMATION_FORMAT = dwarf;
				ENABLE_STRICT_OBJC_MSGSEND = YES;
				ENABLE_TESTABILITY = YES;
				GCC_C_LANGUAGE_STANDARD = gnu11;
				GCC_DYNAMIC_NO_PIC = NO;
				GCC_NO_COMMON_BLOCKS = YES;
				GCC_OPTIMIZATION_LEVEL = 0;
				GCC_PREPROCESSOR_DEFINITIONS = (
					"DEBUG=1",
					"$(inherited)",
				);
				GCC_WARN_64_TO_32_BIT_CONVERSION = YES;
				GCC_WARN_ABOUT_RETURN_TYPE = YES_ERROR;
				GCC_WARN_UNDECLARED_SELECTOR = YES;
				GCC_WARN_UNINITIALIZED_AUTOS = YES_AGGRESSIVE;
				GCC_WARN_UNUSED_FUNCTION = YES;
				GCC_WARN_UNUSED_VARIABLE = YES;
				IPHONEOS_DEPLOYMENT_TARGET = 15.0;
				MTL_ENABLE_DEBUG_INFO = INCLUDE_SOURCE;
				MTL_FAST_MATH = YES;
				ONLY_ACTIVE_ARCH = YES;
				SDKROOT = iphoneos;
				SWIFT_ACTIVE_COMPILATION_CONDITIONS = DEBUG;
				SWIFT_OPTIMIZATION_LEVEL = "-Onone";
			};
			name = Debug;
		};
		B8BF858028DA40A90075D2F7 /* Release */ = {
			isa = XCBuildConfiguration;
			buildSettings = {
				ALWAYS_SEARCH_USER_PATHS = NO;
				CLANG_ANALYZER_NONNULL = YES;
				CLANG_ANALYZER_NUMBER_OBJECT_CONVERSION = YES_AGGRESSIVE;
				CLANG_CXX_LANGUAGE_STANDARD = "gnu++20";
				CLANG_ENABLE_MODULES = YES;
				CLANG_ENABLE_OBJC_ARC = YES;
				CLANG_ENABLE_OBJC_WEAK = YES;
				CLANG_WARN_BLOCK_CAPTURE_AUTORELEASING = YES;
				CLANG_WARN_BOOL_CONVERSION = YES;
				CLANG_WARN_COMMA = YES;
				CLANG_WARN_CONSTANT_CONVERSION = YES;
				CLANG_WARN_DEPRECATED_OBJC_IMPLEMENTATIONS = YES;
				CLANG_WARN_DIRECT_OBJC_ISA_USAGE = YES_ERROR;
				CLANG_WARN_DOCUMENTATION_COMMENTS = YES;
				CLANG_WARN_EMPTY_BODY = YES;
				CLANG_WARN_ENUM_CONVERSION = YES;
				CLANG_WARN_INFINITE_RECURSION = YES;
				CLANG_WARN_INT_CONVERSION = YES;
				CLANG_WARN_NON_LITERAL_NULL_CONVERSION = YES;
				CLANG_WARN_OBJC_IMPLICIT_RETAIN_SELF = YES;
				CLANG_WARN_OBJC_LITERAL_CONVERSION = YES;
				CLANG_WARN_OBJC_ROOT_CLASS = YES_ERROR;
				CLANG_WARN_QUOTED_INCLUDE_IN_FRAMEWORK_HEADER = YES;
				CLANG_WARN_RANGE_LOOP_ANALYSIS = YES;
				CLANG_WARN_STRICT_PROTOTYPES = YES;
				CLANG_WARN_SUSPICIOUS_MOVE = YES;
				CLANG_WARN_UNGUARDED_AVAILABILITY = YES_AGGRESSIVE;
				CLANG_WARN_UNREACHABLE_CODE = YES;
				CLANG_WARN__DUPLICATE_METHOD_MATCH = YES;
				COPY_PHASE_STRIP = NO;
				DEBUG_INFORMATION_FORMAT = "dwarf-with-dsym";
				ENABLE_NS_ASSERTIONS = NO;
				ENABLE_STRICT_OBJC_MSGSEND = YES;
				GCC_C_LANGUAGE_STANDARD = gnu11;
				GCC_NO_COMMON_BLOCKS = YES;
				GCC_WARN_64_TO_32_BIT_CONVERSION = YES;
				GCC_WARN_ABOUT_RETURN_TYPE = YES_ERROR;
				GCC_WARN_UNDECLARED_SELECTOR = YES;
				GCC_WARN_UNINITIALIZED_AUTOS = YES_AGGRESSIVE;
				GCC_WARN_UNUSED_FUNCTION = YES;
				GCC_WARN_UNUSED_VARIABLE = YES;
				IPHONEOS_DEPLOYMENT_TARGET = 15.0;
				MTL_ENABLE_DEBUG_INFO = NO;
				MTL_FAST_MATH = YES;
				SDKROOT = iphoneos;
				SWIFT_COMPILATION_MODE = wholemodule;
				SWIFT_OPTIMIZATION_LEVEL = "-O";
				VALIDATE_PRODUCT = YES;
			};
			name = Release;
		};
		B8BF858228DA40A90075D2F7 /* Debug */ = {
			isa = XCBuildConfiguration;
			buildSettings = {
				ASSETCATALOG_COMPILER_APPICON_NAME = AppIcon;
				ASSETCATALOG_COMPILER_GLOBAL_ACCENT_COLOR_NAME = AccentColor;
				CODE_SIGN_STYLE = Automatic;
				CURRENT_PROJECT_VERSION = 1;
				DEVELOPMENT_ASSET_PATHS = "\"iTunesApp/Preview Content\"";
				DEVELOPMENT_TEAM = 6464RAB4U4;
				ENABLE_PREVIEWS = YES;
				GENERATE_INFOPLIST_FILE = YES;
				INFOPLIST_KEY_UIApplicationSceneManifest_Generation = YES;
				INFOPLIST_KEY_UIApplicationSupportsIndirectInputEvents = YES;
				INFOPLIST_KEY_UILaunchScreen_Generation = YES;
				INFOPLIST_KEY_UILaunchStoryboardName = "Launch Screen.storyboard";
				INFOPLIST_KEY_UISupportedInterfaceOrientations_iPad = "UIInterfaceOrientationPortrait UIInterfaceOrientationPortraitUpsideDown UIInterfaceOrientationLandscapeLeft UIInterfaceOrientationLandscapeRight";
				INFOPLIST_KEY_UISupportedInterfaceOrientations_iPhone = "UIInterfaceOrientationPortrait UIInterfaceOrientationLandscapeLeft UIInterfaceOrientationLandscapeRight";
				IPHONEOS_DEPLOYMENT_TARGET = 15.0;
				LD_RUNPATH_SEARCH_PATHS = (
					"$(inherited)",
					"@executable_path/Frameworks",
				);
				MARKETING_VERSION = 1.0;
				PRODUCT_BUNDLE_IDENTIFIER = com.kulakov.iTunesApp;
				PRODUCT_NAME = "$(TARGET_NAME)";
				SWIFT_EMIT_LOC_STRINGS = YES;
				SWIFT_VERSION = 5.0;
				TARGETED_DEVICE_FAMILY = "1,2";
			};
			name = Debug;
		};
		B8BF858328DA40A90075D2F7 /* Release */ = {
			isa = XCBuildConfiguration;
			buildSettings = {
				ASSETCATALOG_COMPILER_APPICON_NAME = AppIcon;
				ASSETCATALOG_COMPILER_GLOBAL_ACCENT_COLOR_NAME = AccentColor;
				CODE_SIGN_STYLE = Automatic;
				CURRENT_PROJECT_VERSION = 1;
				DEVELOPMENT_ASSET_PATHS = "\"iTunesApp/Preview Content\"";
				DEVELOPMENT_TEAM = 6464RAB4U4;
				ENABLE_PREVIEWS = YES;
				GENERATE_INFOPLIST_FILE = YES;
				INFOPLIST_KEY_UIApplicationSceneManifest_Generation = YES;
				INFOPLIST_KEY_UIApplicationSupportsIndirectInputEvents = YES;
				INFOPLIST_KEY_UILaunchScreen_Generation = YES;
				INFOPLIST_KEY_UILaunchStoryboardName = "Launch Screen.storyboard";
				INFOPLIST_KEY_UISupportedInterfaceOrientations_iPad = "UIInterfaceOrientationPortrait UIInterfaceOrientationPortraitUpsideDown UIInterfaceOrientationLandscapeLeft UIInterfaceOrientationLandscapeRight";
				INFOPLIST_KEY_UISupportedInterfaceOrientations_iPhone = "UIInterfaceOrientationPortrait UIInterfaceOrientationLandscapeLeft UIInterfaceOrientationLandscapeRight";
				IPHONEOS_DEPLOYMENT_TARGET = 15.0;
				LD_RUNPATH_SEARCH_PATHS = (
					"$(inherited)",
					"@executable_path/Frameworks",
				);
				MARKETING_VERSION = 1.0;
				PRODUCT_BUNDLE_IDENTIFIER = com.kulakov.iTunesApp;
				PRODUCT_NAME = "$(TARGET_NAME)";
				SWIFT_EMIT_LOC_STRINGS = YES;
				SWIFT_VERSION = 5.0;
				TARGETED_DEVICE_FAMILY = "1,2";
			};
			name = Release;
		};
/* End XCBuildConfiguration section */

/* Begin XCConfigurationList section */
		B8BF856E28DA40A70075D2F7 /* Build configuration list for PBXProject "iTunesApp" */ = {
			isa = XCConfigurationList;
			buildConfigurations = (
				B8BF857F28DA40A90075D2F7 /* Debug */,
				B8BF858028DA40A90075D2F7 /* Release */,
			);
			defaultConfigurationIsVisible = 0;
			defaultConfigurationName = Release;
		};
		B8BF858128DA40A90075D2F7 /* Build configuration list for PBXNativeTarget "iTunesApp" */ = {
			isa = XCConfigurationList;
			buildConfigurations = (
				B8BF858228DA40A90075D2F7 /* Debug */,
				B8BF858328DA40A90075D2F7 /* Release */,
			);
			defaultConfigurationIsVisible = 0;
			defaultConfigurationName = Release;
		};
/* End XCConfigurationList section */
	};
	rootObject = B8BF856B28DA40A70075D2F7 /* Project object */;
}
